
Microsoft Visual Studio Solution File, Format Version 12.00
# Visual Studio Version 17
VisualStudioVersion = 17.7.34018.315
MinimumVisualStudioVersion = 10.0.40219.1
Project("{FAE04EC0-301F-11D3-BF4B-00C04F79EFBC}") = "BA.CarWashingApp.DAL", "BA.CarWashingApp.DAL\BA.CarWashingApp.DAL.csproj", "{B0E24D2C-18CD-4BD0-AC5D-84A2B1FF2A1B}"
EndProject
Global
	GlobalSection(SolutionConfigurationPlatforms) = preSolution
		Debug|Any CPU = Debug|Any CPU
		Release|Any CPU = Release|Any CPU
	EndGlobalSection
	GlobalSection(ProjectConfigurationPlatforms) = postSolution
		{B0E24D2C-18CD-4BD0-AC5D-84A2B1FF2A1B}.Debug|Any CPU.ActiveCfg = Debug|Any CPU
		{B0E24D2C-18CD-4BD0-AC5D-84A2B1FF2A1B}.Debug|Any CPU.Build.0 = Debug|Any CPU
		{B0E24D2C-18CD-4BD0-AC5D-84A2B1FF2A1B}.Release|Any CPU.ActiveCfg = Release|Any CPU
		{B0E24D2C-18CD-4BD0-AC5D-84A2B1FF2A1B}.Release|Any CPU.Build.0 = Release|Any CPU
	EndGlobalSection
	GlobalSection(SolutionProperties) = preSolution
		HideSolutionNode = FALSE
	EndGlobalSection
	GlobalSection(ExtensibilityGlobals) = postSolution
		SolutionGuid = {49E96A29-A227-4484-9352-1AFE75038592}
	EndGlobalSection
EndGlobal
